
Microsoft Visual Studio Solution File, Format Version 12.00
# Visual Studio Version 16
VisualStudioVersion = 16.0.30413.136
MinimumVisualStudioVersion = 10.0.40219.1
Project("{888888A0-9F3D-457C-B088-3A5042F75D52}") = "bot", "bot\bot.pyproj", "{B8B0E350-8D68-473F-B933-6DC3D3429712}"
EndProject
Global
	GlobalSection(SolutionConfigurationPlatforms) = preSolution
		Debug|Any CPU = Debug|Any CPU
		Release|Any CPU = Release|Any CPU
	EndGlobalSection
	GlobalSection(ProjectConfigurationPlatforms) = postSolution
		{B8B0E350-8D68-473F-B933-6DC3D3429712}.Debug|Any CPU.ActiveCfg = Debug|Any CPU
		{B8B0E350-8D68-473F-B933-6DC3D3429712}.Release|Any CPU.ActiveCfg = Release|Any CPU
	EndGlobalSection
	GlobalSection(SolutionProperties) = preSolution
		HideSolutionNode = FALSE
	EndGlobalSection
	GlobalSection(ExtensibilityGlobals) = postSolution
		SolutionGuid = {A98199BE-2D1D-4F27-81D6-4259E17BA4A6}
	EndGlobalSection
EndGlobal
